{
  "name": "node-ws",
  "version": "1.0.0",
  "description": "Node.js Server",
  "main": "app.js",
  "author": "",
  "repository": "",
  "license": "MIT",
  "private": false,
  "scripts": {
    "jsonwebtoken": "^9.0.2",
    "start": "node app.js"
  },
  "dependencies": {
    "ws": "^8.14.2"
  },
  "engines": {
    "node": ">=14"
  }
}
